
Microsoft Visual Studio Solution File, Format Version 12.00
# Visual Studio 15
VisualStudioVersion = 15.0.27428.2043
MinimumVisualStudioVersion = 10.0.40219.1
Project("{9A19103F-16F7-4668-BE54-9A1E7A4F7556}") = "WorldCapBetService", "WorldCapBetService\WorldCapBetService.csproj", "{D20CC949-D464-4CDB-813F-7319DC37C553}"
EndProject
Global
	GlobalSection(SolutionConfigurationPlatforms) = preSolution
		Debug|Any CPU = Debug|Any CPU
		Release|Any CPU = Release|Any CPU
		Test|Any CPU = Test|Any CPU
	EndGlobalSection
	GlobalSection(ProjectConfigurationPlatforms) = postSolution
		{D20CC949-D464-4CDB-813F-7319DC37C553}.Debug|Any CPU.ActiveCfg = Debug|Any CPU
		{D20CC949-D464-4CDB-813F-7319DC37C553}.Debug|Any CPU.Build.0 = Debug|Any CPU
		{D20CC949-D464-4CDB-813F-7319DC37C553}.Release|Any CPU.ActiveCfg = Release|Any CPU
		{D20CC949-D464-4CDB-813F-7319DC37C553}.Release|Any CPU.Build.0 = Release|Any CPU
		{D20CC949-D464-4CDB-813F-7319DC37C553}.Test|Any CPU.ActiveCfg = Test|Any CPU
		{D20CC949-D464-4CDB-813F-7319DC37C553}.Test|Any CPU.Build.0 = Test|Any CPU
	EndGlobalSection
	GlobalSection(SolutionProperties) = preSolution
		HideSolutionNode = FALSE
	EndGlobalSection
	GlobalSection(ExtensibilityGlobals) = postSolution
		SolutionGuid = {C999FAA1-724B-4B67-9497-110E0BCFF183}
	EndGlobalSection
EndGlobal
